# generated by rye
# use `rye lock` or `rye sync` to update this lockfile
#
# last locked with the following flags:
#   pre: false
#   features: []
#   all-features: false
#   with-sources: false
#   generate-hashes: false
#   universal: false

-e file:.
annotated-types==0.7.0
    # via pydantic
anyio==4.9.0
    # via httpx
    # via openai
certifi==2025.4.26
    # via httpcore
    # via httpx
diskcache==5.6.3
    # via graphiti-core
distro==1.9.0
    # via openai
graphiti-core==0.11.6
    # via example-graphiti
h11==0.16.0
    # via httpcore
httpcore==1.0.9
    # via httpx
httpx==0.28.1
    # via openai
idna==3.10
    # via anyio
    # via httpx
jiter==0.9.0
    # via openai
neo4j==5.28.1
    # via graphiti-core
numpy==2.2.6
    # via graphiti-core
openai==1.79.0
    # via graphiti-core
pydantic==2.11.4
    # via graphiti-core
    # via openai
pydantic-core==2.33.2
    # via pydantic
python-dotenv==1.1.0
    # via example-graphiti
    # via graphiti-core
pytz==2025.2
    # via neo4j
sniffio==1.3.1
    # via anyio
    # via openai
tenacity==9.1.2
    # via graphiti-core
tqdm==4.67.1
    # via openai
typing-extensions==4.13.2
    # via anyio
    # via openai
    # via pydantic
    # via pydantic-core
    # via typing-inspection
typing-inspection==0.4.0
    # via pydantic
